// !$*UTF8*$!
{
	archiveVersion = 1;
	classes = {
	};
	objectVersion = 55;
	objects = {

/* Begin PBXBuildFile section */
		496A5A7827D73D5700AD1B2E /* AppDelegate.swift in Sources */ = {isa = PBXBuildFile; fileRef = 496A5A7727D73D5700AD1B2E /* AppDelegate.swift */; };
		496A5A7A27D73D5700AD1B2E /* SceneDelegate.swift in Sources */ = {isa = PBXBuildFile; fileRef = 496A5A7927D73D5700AD1B2E /* SceneDelegate.swift */; };
		496A5A8127D73D5800AD1B2E /* Assets.xcassets in Resources */ = {isa = PBXBuildFile; fileRef = 496A5A8027D73D5800AD1B2E /* Assets.xcassets */; };
		496A5A8427D73D5800AD1B2E /* LaunchScreen.storyboard in Resources */ = {isa = PBXBuildFile; fileRef = 496A5A8227D73D5800AD1B2E /* LaunchScreen.storyboard */; };
		496A5A8C27D73DB700AD1B2E /* WaveView.swift in Sources */ = {isa = PBXBuildFile; fileRef = 496A5A8B27D73DB700AD1B2E /* WaveView.swift */; };
		496A5A8F27D73DD600AD1B2E /* WaveViewController.swift in Sources */ = {isa = PBXBuildFile; fileRef = 496A5A8E27D73DD600AD1B2E /* WaveViewController.swift */; };
		496A5A9127D7A9B700AD1B2E /* ColorHex.swift in Sources */ = {isa = PBXBuildFile; fileRef = 496A5A9027D7A9B700AD1B2E /* ColorHex.swift */; };
		496A5A9427D7B0E000AD1B2E /* Palette.swift in Sources */ = {isa = PBXBuildFile; fileRef = 496A5A9327D7B0E000AD1B2E /* Palette.swift */; };
/* End PBXBuildFile section */

/* Begin PBXFileReference section */
		496A5A7427D73D5700AD1B2E /* WaveScreen.app */ = {isa = PBXFileReference; explicitFileType = wrapper.application; includeInIndex = 0; path = WaveScreen.app; sourceTree = BUILT_PRODUCTS_DIR; };
		496A5A7727D73D5700AD1B2E /* AppDelegate.swift */ = {isa = PBXFileReference; lastKnownFileType = sourcecode.swift; path = AppDelegate.swift; sourceTree = "<group>"; };
		496A5A7927D73D5700AD1B2E /* SceneDelegate.swift */ = {isa = PBXFileReference; lastKnownFileType = sourcecode.swift; path = SceneDelegate.swift; sourceTree = "<group>"; };
		496A5A8027D73D5800AD1B2E /* Assets.xcassets */ = {isa = PBXFileReference; lastKnownFileType = folder.assetcatalog; path = Assets.xcassets; sourceTree = "<group>"; };
		496A5A8327D73D5800AD1B2E /* Base */ = {isa = PBXFileReference; lastKnownFileType = file.storyboard; name = Base; path = Base.lproj/LaunchScreen.storyboard; sourceTree = "<group>"; };
		496A5A8527D73D5800AD1B2E /* Info.plist */ = {isa = PBXFileReference; lastKnownFileType = text.plist.xml; path = Info.plist; sourceTree = "<group>"; };
		496A5A8B27D73DB700AD1B2E /* WaveView.swift */ = {isa = PBXFileReference; lastKnownFileType = sourcecode.swift; path = WaveView.swift; sourceTree = "<group>"; };
		496A5A8E27D73DD600AD1B2E /* WaveViewController.swift */ = {isa = PBXFileReference; lastKnownFileType = sourcecode.swift; path = WaveViewController.swift; sourceTree = "<group>"; };
		496A5A9027D7A9B700AD1B2E /* ColorHex.swift */ = {isa = PBXFileReference; lastKnownFileType = sourcecode.swift; path = ColorHex.swift; sourceTree = "<group>"; };
		496A5A9327D7B0E000AD1B2E /* Palette.swift */ = {isa = PBXFileReference; lastKnownFileType = sourcecode.swift; path = Palette.swift; sourceTree = "<group>"; };
/* End PBXFileReference section */

/* Begin PBXFrameworksBuildPhase section */
		496A5A7127D73D5700AD1B2E /* Frameworks */ = {
			isa = PBXFrameworksBuildPhase;
			buildActionMask = 2147483647;
			files = (
			);
			runOnlyForDeploymentPostprocessing = 0;
		};
/* End PBXFrameworksBuildPhase section */

/* Begin PBXGroup section */
		496A5A6B27D73D5700AD1B2E = {
			isa = PBXGroup;
			children = (
				496A5A7627D73D5700AD1B2E /* WaveScreen */,
				496A5A7527D73D5700AD1B2E /* Products */,
			);
			sourceTree = "<group>";
		};
		496A5A7527D73D5700AD1B2E /* Products */ = {
			isa = PBXGroup;
			children = (
				496A5A7427D73D5700AD1B2E /* WaveScreen.app */,
			);
			name = Products;
			sourceTree = "<group>";
		};
		496A5A7627D73D5700AD1B2E /* WaveScreen */ = {
			isa = PBXGroup;
			children = (
				496A5A7727D73D5700AD1B2E /* AppDelegate.swift */,
				496A5A7927D73D5700AD1B2E /* SceneDelegate.swift */,
				496A5A8D27D73DC000AD1B2E /* WaveModule */,
				496A5A9227D7A9C400AD1B2E /* Utils */,
				496A5A8027D73D5800AD1B2E /* Assets.xcassets */,
				496A5A8227D73D5800AD1B2E /* LaunchScreen.storyboard */,
				496A5A8527D73D5800AD1B2E /* Info.plist */,
			);
			path = WaveScreen;
			sourceTree = "<group>";
		};
		496A5A8D27D73DC000AD1B2E /* WaveModule */ = {
			isa = PBXGroup;
			children = (
				496A5A8E27D73DD600AD1B2E /* WaveViewController.swift */,
				496A5A8B27D73DB700AD1B2E /* WaveView.swift */,
			);
			path = WaveModule;
			sourceTree = "<group>";
		};
		496A5A9227D7A9C400AD1B2E /* Utils */ = {
			isa = PBXGroup;
			children = (
				496A5A9027D7A9B700AD1B2E /* ColorHex.swift */,
				496A5A9327D7B0E000AD1B2E /* Palette.swift */,
			);
			path = Utils;
			sourceTree = "<group>";
		};
/* End PBXGroup section */

/* Begin PBXNativeTarget section */
		496A5A7327D73D5700AD1B2E /* WaveScreen */ = {
			isa = PBXNativeTarget;
			buildConfigurationList = 496A5A8827D73D5800AD1B2E /* Build configuration list for PBXNativeTarget "WaveScreen" */;
			buildPhases = (
				496A5A7027D73D5700AD1B2E /* Sources */,
				496A5A7127D73D5700AD1B2E /* Frameworks */,
				496A5A7227D73D5700AD1B2E /* Resources */,
			);
			buildRules = (
			);
			dependencies = (
			);
			name = WaveScreen;
			productName = WaveScreen;
			productReference = 496A5A7427D73D5700AD1B2E /* WaveScreen.app */;
			productType = "com.apple.product-type.application";
		};
/* End PBXNativeTarget section */

/* Begin PBXProject section */
		496A5A6C27D73D5700AD1B2E /* Project object */ = {
			isa = PBXProject;
			attributes = {
				BuildIndependentTargetsInParallel = 1;
				LastSwiftUpdateCheck = 1320;
				LastUpgradeCheck = 1320;
				TargetAttributes = {
					496A5A7327D73D5700AD1B2E = {
						CreatedOnToolsVersion = 13.2.1;
					};
				};
			};
			buildConfigurationList = 496A5A6F27D73D5700AD1B2E /* Build configuration list for PBXProject "WaveScreen" */;
			compatibilityVersion = "Xcode 13.0";
			developmentRegion = en;
			hasScannedForEncodings = 0;
			knownRegions = (
				en,
				Base,
			);
			mainGroup = 496A5A6B27D73D5700AD1B2E;
			productRefGroup = 496A5A7527D73D5700AD1B2E /* Products */;
			projectDirPath = "";
			projectRoot = "";
			targets = (
				496A5A7327D73D5700AD1B2E /* WaveScreen */,
			);
		};
/* End PBXProject section */

/* Begin PBXResourcesBuildPhase section */
		496A5A7227D73D5700AD1B2E /* Resources */ = {
			isa = PBXResourcesBuildPhase;
			buildActionMask = 2147483647;
			files = (
				496A5A8427D73D5800AD1B2E /* LaunchScreen.storyboard in Resources */,
				496A5A8127D73D5800AD1B2E /* Assets.xcassets in Resources */,
			);
			runOnlyForDeploymentPostprocessing = 0;
		};
/* End PBXResourcesBuildPhase section */

/* Begin PBXSourcesBuildPhase section */
		496A5A7027D73D5700AD1B2E /* Sources */ = {
			isa = PBXSourcesBuildPhase;
			buildActionMask = 2147483647;
			files = (
				496A5A7827D73D5700AD1B2E /* AppDelegate.swift in Sources */,
				496A5A9127D7A9B700AD1B2E /* ColorHex.swift in Sources */,
				496A5A7A27D73D5700AD1B2E /* SceneDelegate.swift in Sources */,
				496A5A9427D7B0E000AD1B2E /* Palette.swift in Sources */,
				496A5A8F27D73DD600AD1B2E /* WaveViewController.swift in Sources */,
				496A5A8C27D73DB700AD1B2E /* WaveView.swift in Sources */,
			);
			runOnlyForDeploymentPostprocessing = 0;
		};
/* End PBXSourcesBuildPhase section */

/* Begin PBXVariantGroup section */
		496A5A8227D73D5800AD1B2E /* LaunchScreen.storyboard */ = {
			isa = PBXVariantGroup;
			children = (
				496A5A8327D73D5800AD1B2E /* Base */,
			);
			name = LaunchScreen.storyboard;
			sourceTree = "<group>";
		};
/* End PBXVariantGroup section */

/* Begin XCBuildConfiguration section */
		496A5A8627D73D5800AD1B2E /* Debug */ = {
			isa = XCBuildConfiguration;
			buildSettings = {
				ALWAYS_SEARCH_USER_PATHS = NO;
				CLANG_ANALYZER_NONNULL = YES;
				CLANG_ANALYZER_NUMBER_OBJECT_CONVERSION = YES_AGGRESSIVE;
				CLANG_CXX_LANGUAGE_STANDARD = "gnu++17";
				CLANG_CXX_LIBRARY = "libc++";
				CLANG_ENABLE_MODULES = YES;
				CLANG_ENABLE_OBJC_ARC = YES;
				CLANG_ENABLE_OBJC_WEAK = YES;
				CLANG_WARN_BLOCK_CAPTURE_AUTORELEASING = YES;
				CLANG_WARN_BOOL_CONVERSION = YES;
				CLANG_WARN_COMMA = YES;
				CLANG_WARN_CONSTANT_CONVERSION = YES;
				CLANG_WARN_DEPRECATED_OBJC_IMPLEMENTATIONS = YES;
				CLANG_WARN_DIRECT_OBJC_ISA_USAGE = YES_ERROR;
				CLANG_WARN_DOCUMENTATION_COMMENTS = YES;
				CLANG_WARN_EMPTY_BODY = YES;
				CLANG_WARN_ENUM_CONVERSION = YES;
				CLANG_WARN_INFINITE_RECURSION = YES;
				CLANG_WARN_INT_CONVERSION = YES;
				CLANG_WARN_NON_LITERAL_NULL_CONVERSION = YES;
				CLANG_WARN_OBJC_IMPLICIT_RETAIN_SELF = YES;
				CLANG_WARN_OBJC_LITERAL_CONVERSION = YES;
				CLANG_WARN_OBJC_ROOT_CLASS = YES_ERROR;
				CLANG_WARN_QUOTED_INCLUDE_IN_FRAMEWORK_HEADER = YES;
				CLANG_WARN_RANGE_LOOP_ANALYSIS = YES;
				CLANG_WARN_STRICT_PROTOTYPES = YES;
				CLANG_WARN_SUSPICIOUS_MOVE = YES;
				CLANG_WARN_UNGUARDED_AVAILABILITY = YES_AGGRESSIVE;
				CLANG_WARN_UNREACHABLE_CODE = YES;
				CLANG_WARN__DUPLICATE_METHOD_MATCH = YES;
				COPY_PHASE_STRIP = NO;
				DEBUG_INFORMATION_FORMAT = dwarf;
				ENABLE_STRICT_OBJC_MSGSEND = YES;
				ENABLE_TESTABILITY = YES;
				GCC_C_LANGUAGE_STANDARD = gnu11;
				GCC_DYNAMIC_NO_PIC = NO;
				GCC_NO_COMMON_BLOCKS = YES;
				GCC_OPTIMIZATION_LEVEL = 0;
				GCC_PREPROCESSOR_DEFINITIONS = (
					"DEBUG=1",
					"$(inherited)",
				);
				GCC_WARN_64_TO_32_BIT_CONVERSION = YES;
				GCC_WARN_ABOUT_RETURN_TYPE = YES_ERROR;
				GCC_WARN_UNDECLARED_SELECTOR = YES;
				GCC_WARN_UNINITIALIZED_AUTOS = YES_AGGRESSIVE;
				GCC_WARN_UNUSED_FUNCTION = YES;
				GCC_WARN_UNUSED_VARIABLE = YES;
				IPHONEOS_DEPLOYMENT_TARGET = 15.2;
				MTL_ENABLE_DEBUG_INFO = INCLUDE_SOURCE;
				MTL_FAST_MATH = YES;
				ONLY_ACTIVE_ARCH = YES;
				SDKROOT = iphoneos;
				SWIFT_ACTIVE_COMPILATION_CONDITIONS = DEBUG;
				SWIFT_OPTIMIZATION_LEVEL = "-Onone";
			};
			name = Debug;
		};
		496A5A8727D73D5800AD1B2E /* Release */ = {
			isa = XCBuildConfiguration;
			buildSettings = {
				ALWAYS_SEARCH_USER_PATHS = NO;
				CLANG_ANALYZER_NONNULL = YES;
				CLANG_ANALYZER_NUMBER_OBJECT_CONVERSION = YES_AGGRESSIVE;
				CLANG_CXX_LANGUAGE_STANDARD = "gnu++17";
				CLANG_CXX_LIBRARY = "libc++";
				CLANG_ENABLE_MODULES = YES;
				CLANG_ENABLE_OBJC_ARC = YES;
				CLANG_ENABLE_OBJC_WEAK = YES;
				CLANG_WARN_BLOCK_CAPTURE_AUTORELEASING = YES;
				CLANG_WARN_BOOL_CONVERSION = YES;
				CLANG_WARN_COMMA = YES;
				CLANG_WARN_CONSTANT_CONVERSION = YES;
				CLANG_WARN_DEPRECATED_OBJC_IMPLEMENTATIONS = YES;
				CLANG_WARN_DIRECT_OBJC_ISA_USAGE = YES_ERROR;
				CLANG_WARN_DOCUMENTATION_COMMENTS = YES;
				CLANG_WARN_EMPTY_BODY = YES;
				CLANG_WARN_ENUM_CONVERSION = YES;
				CLANG_WARN_INFINITE_RECURSION = YES;
				CLANG_WARN_INT_CONVERSION = YES;
				CLANG_WARN_NON_LITERAL_NULL_CONVERSION = YES;
				CLANG_WARN_OBJC_IMPLICIT_RETAIN_SELF = YES;
				CLANG_WARN_OBJC_LITERAL_CONVERSION = YES;
				CLANG_WARN_OBJC_ROOT_CLASS = YES_ERROR;
				CLANG_WARN_QUOTED_INCLUDE_IN_FRAMEWORK_HEADER = YES;
				CLANG_WARN_RANGE_LOOP_ANALYSIS = YES;
				CLANG_WARN_STRICT_PROTOTYPES = YES;
				CLANG_WARN_SUSPICIOUS_MOVE = YES;
				CLANG_WARN_UNGUARDED_AVAILABILITY = YES_AGGRESSIVE;
				CLANG_WARN_UNREACHABLE_CODE = YES;
				CLANG_WARN__DUPLICATE_METHOD_MATCH = YES;
				COPY_PHASE_STRIP = NO;
				DEBUG_INFORMATION_FORMAT = "dwarf-with-dsym";
				ENABLE_NS_ASSERTIONS = NO;
				ENABLE_STRICT_OBJC_MSGSEND = YES;
				GCC_C_LANGUAGE_STANDARD = gnu11;
				GCC_NO_COMMON_BLOCKS = YES;
				GCC_WARN_64_TO_32_BIT_CONVERSION = YES;
				GCC_WARN_ABOUT_RETURN_TYPE = YES_ERROR;
				GCC_WARN_UNDECLARED_SELECTOR = YES;
				GCC_WARN_UNINITIALIZED_AUTOS = YES_AGGRESSIVE;
				GCC_WARN_UNUSED_FUNCTION = YES;
				GCC_WARN_UNUSED_VARIABLE = YES;
				IPHONEOS_DEPLOYMENT_TARGET = 15.2;
				MTL_ENABLE_DEBUG_INFO = NO;
				MTL_FAST_MATH = YES;
				SDKROOT = iphoneos;
				SWIFT_COMPILATION_MODE = wholemodule;
				SWIFT_OPTIMIZATION_LEVEL = "-O";
				VALIDATE_PRODUCT = YES;
			};
			name = Release;
		};
		496A5A8927D73D5800AD1B2E /* Debug */ = {
			isa = XCBuildConfiguration;
			buildSettings = {
				ASSETCATALOG_COMPILER_APPICON_NAME = AppIcon;
				ASSETCATALOG_COMPILER_GLOBAL_ACCENT_COLOR_NAME = AccentColor;
				CODE_SIGN_STYLE = Automatic;
				CURRENT_PROJECT_VERSION = 1;
				DEVELOPMENT_TEAM = 4LU2BMBADH;
				GENERATE_INFOPLIST_FILE = YES;
				INFOPLIST_FILE = WaveScreen/Info.plist;
				INFOPLIST_KEY_UIApplicationSupportsIndirectInputEvents = YES;
				INFOPLIST_KEY_UILaunchStoryboardName = LaunchScreen;
				INFOPLIST_KEY_UISupportedInterfaceOrientations_iPad = "UIInterfaceOrientationPortrait UIInterfaceOrientationPortraitUpsideDown UIInterfaceOrientationLandscapeLeft UIInterfaceOrientationLandscapeRight";
				INFOPLIST_KEY_UISupportedInterfaceOrientations_iPhone = "UIInterfaceOrientationPortrait UIInterfaceOrientationLandscapeLeft UIInterfaceOrientationLandscapeRight";
				LD_RUNPATH_SEARCH_PATHS = (
					"$(inherited)",
					"@executable_path/Frameworks",
				);
				MARKETING_VERSION = 1.0;
				PRODUCT_BUNDLE_IDENTIFIER = Tambanco.WaveScreen;
				PRODUCT_NAME = "$(TARGET_NAME)";
				SWIFT_EMIT_LOC_STRINGS = YES;
				SWIFT_VERSION = 5.0;
				TARGETED_DEVICE_FAMILY = "1,2";
			};
			name = Debug;
		};
		496A5A8A27D73D5800AD1B2E /* Release */ = {
			isa = XCBuildConfiguration;
			buildSettings = {
				ASSETCATALOG_COMPILER_APPICON_NAME = AppIcon;
				ASSETCATALOG_COMPILER_GLOBAL_ACCENT_COLOR_NAME = AccentColor;
				CODE_SIGN_STYLE = Automatic;
				CURRENT_PROJECT_VERSION = 1;
				DEVELOPMENT_TEAM = 4LU2BMBADH;
				GENERATE_INFOPLIST_FILE = YES;
				INFOPLIST_FILE = WaveScreen/Info.plist;
				INFOPLIST_KEY_UIApplicationSupportsIndirectInputEvents = YES;
				INFOPLIST_KEY_UILaunchStoryboardName = LaunchScreen;
				INFOPLIST_KEY_UISupportedInterfaceOrientations_iPad = "UIInterfaceOrientationPortrait UIInterfaceOrientationPortraitUpsideDown UIInterfaceOrientationLandscapeLeft UIInterfaceOrientationLandscapeRight";
				INFOPLIST_KEY_UISupportedInterfaceOrientations_iPhone = "UIInterfaceOrientationPortrait UIInterfaceOrientationLandscapeLeft UIInterfaceOrientationLandscapeRight";
				LD_RUNPATH_SEARCH_PATHS = (
					"$(inherited)",
					"@executable_path/Frameworks",
				);
				MARKETING_VERSION = 1.0;
				PRODUCT_BUNDLE_IDENTIFIER = Tambanco.WaveScreen;
				PRODUCT_NAME = "$(TARGET_NAME)";
				SWIFT_EMIT_LOC_STRINGS = YES;
				SWIFT_VERSION = 5.0;
				TARGETED_DEVICE_FAMILY = "1,2";
			};
			name = Release;
		};
/* End XCBuildConfiguration section */

/* Begin XCConfigurationList section */
		496A5A6F27D73D5700AD1B2E /* Build configuration list for PBXProject "WaveScreen" */ = {
			isa = XCConfigurationList;
			buildConfigurations = (
				496A5A8627D73D5800AD1B2E /* Debug */,
				496A5A8727D73D5800AD1B2E /* Release */,
			);
			defaultConfigurationIsVisible = 0;
			defaultConfigurationName = Release;
		};
		496A5A8827D73D5800AD1B2E /* Build configuration list for PBXNativeTarget "WaveScreen" */ = {
			isa = XCConfigurationList;
			buildConfigurations = (
				496A5A8927D73D5800AD1B2E /* Debug */,
				496A5A8A27D73D5800AD1B2E /* Release */,
			);
			defaultConfigurationIsVisible = 0;
			defaultConfigurationName = Release;
		};
/* End XCConfigurationList section */
	};
	rootObject = 496A5A6C27D73D5700AD1B2E /* Project object */;
}
